Microsoft Visual Studio Solution File, Format Version 12.00
# Visual Studio Version 17
VisualStudioVersion = 17.5.2.0
MinimumVisualStudioVersion = 10.0.40219.1
Project("{FAE04EC0-301F-11D3-BF4B-00C04F79EFBC}") = "RazorPagesWeb.NetCore.EF.Demo", "RazorPagesWeb.NetCore.EF.Demo\RazorPagesWeb.NetCore.EF.Demo.csproj", "{D28EFDCB-B470-0928-5FDF-4143B8FE511A}"
EndProject
Project("{FAE04EC0-301F-11D3-BF4B-00C04F79EFBC}") = "Blazor.AzureCosmosDb.Demo", "Blazor.AzureCosmosDb.Demo\Blazor.AzureCosmosDb.Demo.csproj", "{E384C0DF-AD0E-4084-BE24-00E6B27BDEFC}"
EndProject
Project("{FAE04EC0-301F-11D3-BF4B-00C04F79EFBC}") = "Mvc.StorageAccount.Demo", "Mvc.StorageAccount.Demo\Mvc.StorageAccount.Demo.csproj", "{C15B3CBE-F8BC-3FBF-2B7F-AC44F1B67DC8}"
EndProject
Global
	GlobalSection(SolutionConfigurationPlatforms) = preSolution
		Debug|Any CPU = Debug|Any CPU
		Release|Any CPU = Release|Any CPU
	EndGlobalSection
	GlobalSection(ProjectConfigurationPlatforms) = postSolution
		{D28EFDCB-B470-0928-5FDF-4143B8FE511A}.Debug|Any CPU.ActiveCfg = Debug|Any CPU
		{D28EFDCB-B470-0928-5FDF-4143B8FE511A}.Debug|Any CPU.Build.0 = Debug|Any CPU
		{D28EFDCB-B470-0928-5FDF-4143B8FE511A}.Release|Any CPU.ActiveCfg = Release|Any CPU
		{D28EFDCB-B470-0928-5FDF-4143B8FE511A}.Release|Any CPU.Build.0 = Release|Any CPU
		{E384C0DF-AD0E-4084-BE24-00E6B27BDEFC}.Debug|Any CPU.ActiveCfg = Debug|Any CPU
		{E384C0DF-AD0E-4084-BE24-00E6B27BDEFC}.Debug|Any CPU.Build.0 = Debug|Any CPU
		{E384C0DF-AD0E-4084-BE24-00E6B27BDEFC}.Release|Any CPU.ActiveCfg = Release|Any CPU
		{E384C0DF-AD0E-4084-BE24-00E6B27BDEFC}.Release|Any CPU.Build.0 = Release|Any CPU
		{C15B3CBE-F8BC-3FBF-2B7F-AC44F1B67DC8}.Debug|Any CPU.ActiveCfg = Debug|Any CPU
		{C15B3CBE-F8BC-3FBF-2B7F-AC44F1B67DC8}.Debug|Any CPU.Build.0 = Debug|Any CPU
		{C15B3CBE-F8BC-3FBF-2B7F-AC44F1B67DC8}.Release|Any CPU.ActiveCfg = Release|Any CPU
		{C15B3CBE-F8BC-3FBF-2B7F-AC44F1B67DC8}.Release|Any CPU.Build.0 = Release|Any CPU
	EndGlobalSection
	GlobalSection(SolutionProperties) = preSolution
		HideSolutionNode = FALSE
	EndGlobalSection
	GlobalSection(ExtensibilityGlobals) = postSolution
		SolutionGuid = {7EEC0728-33B0-4E77-A69F-84D3DDA4B990}
	EndGlobalSection
EndGlobal
