
Microsoft Visual Studio Solution File, Format Version 12.00
# Visual Studio Version 17
VisualStudioVersion = 17.5.2.0
MinimumVisualStudioVersion = 10.0.40219.1
Project("{FAE04EC0-301F-11D3-BF4B-00C04F79EFBC}") = "RazorPagesWeb.NetCore.EF.Demo", "RazorPagesWeb.NetCore.EF.Demo\RazorPagesWeb.NetCore.EF.Demo.csproj", "{D28EFDCB-B470-0928-5FDF-4143B8FE511A}"
EndProject
Project("{FAE04EC0-301F-11D3-BF4B-00C04F79EFBC}") = "Blazor.AzureCosmosDb.Demo", "Blazor.AzureCosmosDb.Demo\Blazor.AzureCosmosDb.Demo.csproj", "{E384C0DF-AD0E-4084-BE24-00E6B27BDEFC}"
EndProject
Project("{FAE04EC0-301F-11D3-BF4B-00C04F79EFBC}") = "Mvc.StorageAccount.Demo", "Mvc.StorageAccount.Demo\Mvc.StorageAccount.Demo.csproj", "{C15B3CBE-F8BC-3FBF-2B7F-AC44F1B67DC8}"
EndProject
Project("{FAE04EC0-301F-11D3-BF4B-00C04F79EFBC}") = "Console.QueueConsumer.Demo", "Console.QueueConsumer.Demo\Console.QueueConsumer.Demo.csproj", "{F63BC905-4C3B-4558-B595-06FAAC582535}"
EndProject
Project("{FAE04EC0-301F-11D3-BF4B-00C04F79EFBC}") = "Console.ServiceBusSender.Demo", "Console.ServiceBusSender.Demo\Console.ServiceBusSender.Demo.csproj", "{C4BE4DA8-7B0D-40CF-B526-FE7FAD3D274E}"
EndProject
Project("{FAE04EC0-301F-11D3-BF4B-00C04F79EFBC}") = "Console.ServiceBusReceiver.Demo", "Console.ServiceBusReceiver.Demo\Console.ServiceBusReceiver.Demo.csproj", "{41476545-E8B7-4BA1-8AB0-94D8BBF6F40F}"
EndProject
Project("{FAE04EC0-301F-11D3-BF4B-00C04F79EFBC}") = "Azure-Course-Functions", "Azure-Course-Functions\Azure-Course-Functions.csproj", "{C405DFA3-1773-4C6A-BD12-82E4E9347AF5}"
EndProject
Global
	GlobalSection(SolutionConfigurationPlatforms) = preSolution
		Debug|Any CPU = Debug|Any CPU
		Debug|x64 = Debug|x64
		Debug|x86 = Debug|x86
		Release|Any CPU = Release|Any CPU
		Release|x64 = Release|x64
		Release|x86 = Release|x86
	EndGlobalSection
	GlobalSection(ProjectConfigurationPlatforms) = postSolution
		{D28EFDCB-B470-0928-5FDF-4143B8FE511A}.Debug|Any CPU.ActiveCfg = Debug|Any CPU
		{D28EFDCB-B470-0928-5FDF-4143B8FE511A}.Debug|Any CPU.Build.0 = Debug|Any CPU
		{D28EFDCB-B470-0928-5FDF-4143B8FE511A}.Debug|x64.ActiveCfg = Debug|Any CPU
		{D28EFDCB-B470-0928-5FDF-4143B8FE511A}.Debug|x64.Build.0 = Debug|Any CPU
		{D28EFDCB-B470-0928-5FDF-4143B8FE511A}.Debug|x86.ActiveCfg = Debug|Any CPU
		{D28EFDCB-B470-0928-5FDF-4143B8FE511A}.Debug|x86.Build.0 = Debug|Any CPU
		{D28EFDCB-B470-0928-5FDF-4143B8FE511A}.Release|Any CPU.ActiveCfg = Release|Any CPU
		{D28EFDCB-B470-0928-5FDF-4143B8FE511A}.Release|Any CPU.Build.0 = Release|Any CPU
		{D28EFDCB-B470-0928-5FDF-4143B8FE511A}.Release|x64.ActiveCfg = Release|Any CPU
		{D28EFDCB-B470-0928-5FDF-4143B8FE511A}.Release|x64.Build.0 = Release|Any CPU
		{D28EFDCB-B470-0928-5FDF-4143B8FE511A}.Release|x86.ActiveCfg = Release|Any CPU
		{D28EFDCB-B470-0928-5FDF-4143B8FE511A}.Release|x86.Build.0 = Release|Any CPU
		{E384C0DF-AD0E-4084-BE24-00E6B27BDEFC}.Debug|Any CPU.ActiveCfg = Debug|Any CPU
		{E384C0DF-AD0E-4084-BE24-00E6B27BDEFC}.Debug|Any CPU.Build.0 = Debug|Any CPU
		{E384C0DF-AD0E-4084-BE24-00E6B27BDEFC}.Debug|x64.ActiveCfg = Debug|Any CPU
		{E384C0DF-AD0E-4084-BE24-00E6B27BDEFC}.Debug|x64.Build.0 = Debug|Any CPU
		{E384C0DF-AD0E-4084-BE24-00E6B27BDEFC}.Debug|x86.ActiveCfg = Debug|Any CPU
		{E384C0DF-AD0E-4084-BE24-00E6B27BDEFC}.Debug|x86.Build.0 = Debug|Any CPU
		{E384C0DF-AD0E-4084-BE24-00E6B27BDEFC}.Release|Any CPU.ActiveCfg = Release|Any CPU
		{E384C0DF-AD0E-4084-BE24-00E6B27BDEFC}.Release|Any CPU.Build.0 = Release|Any CPU
		{E384C0DF-AD0E-4084-BE24-00E6B27BDEFC}.Release|x64.ActiveCfg = Release|Any CPU
		{E384C0DF-AD0E-4084-BE24-00E6B27BDEFC}.Release|x64.Build.0 = Release|Any CPU
		{E384C0DF-AD0E-4084-BE24-00E6B27BDEFC}.Release|x86.ActiveCfg = Release|Any CPU
		{E384C0DF-AD0E-4084-BE24-00E6B27BDEFC}.Release|x86.Build.0 = Release|Any CPU
		{C15B3CBE-F8BC-3FBF-2B7F-AC44F1B67DC8}.Debug|Any CPU.ActiveCfg = Debug|Any CPU
		{C15B3CBE-F8BC-3FBF-2B7F-AC44F1B67DC8}.Debug|Any CPU.Build.0 = Debug|Any CPU
		{C15B3CBE-F8BC-3FBF-2B7F-AC44F1B67DC8}.Debug|x64.ActiveCfg = Debug|Any CPU
		{C15B3CBE-F8BC-3FBF-2B7F-AC44F1B67DC8}.Debug|x64.Build.0 = Debug|Any CPU
		{C15B3CBE-F8BC-3FBF-2B7F-AC44F1B67DC8}.Debug|x86.ActiveCfg = Debug|Any CPU
		{C15B3CBE-F8BC-3FBF-2B7F-AC44F1B67DC8}.Debug|x86.Build.0 = Debug|Any CPU
		{C15B3CBE-F8BC-3FBF-2B7F-AC44F1B67DC8}.Release|Any CPU.ActiveCfg = Release|Any CPU
		{C15B3CBE-F8BC-3FBF-2B7F-AC44F1B67DC8}.Release|Any CPU.Build.0 = Release|Any CPU
		{C15B3CBE-F8BC-3FBF-2B7F-AC44F1B67DC8}.Release|x64.ActiveCfg = Release|Any CPU
		{C15B3CBE-F8BC-3FBF-2B7F-AC44F1B67DC8}.Release|x64.Build.0 = Release|Any CPU
		{C15B3CBE-F8BC-3FBF-2B7F-AC44F1B67DC8}.Release|x86.ActiveCfg = Release|Any CPU
		{C15B3CBE-F8BC-3FBF-2B7F-AC44F1B67DC8}.Release|x86.Build.0 = Release|Any CPU
		{F63BC905-4C3B-4558-B595-06FAAC582535}.Debug|Any CPU.ActiveCfg = Debug|Any CPU
		{F63BC905-4C3B-4558-B595-06FAAC582535}.Debug|Any CPU.Build.0 = Debug|Any CPU
		{F63BC905-4C3B-4558-B595-06FAAC582535}.Debug|x64.ActiveCfg = Debug|Any CPU
		{F63BC905-4C3B-4558-B595-06FAAC582535}.Debug|x64.Build.0 = Debug|Any CPU
		{F63BC905-4C3B-4558-B595-06FAAC582535}.Debug|x86.ActiveCfg = Debug|Any CPU
		{F63BC905-4C3B-4558-B595-06FAAC582535}.Debug|x86.Build.0 = Debug|Any CPU
		{F63BC905-4C3B-4558-B595-06FAAC582535}.Release|Any CPU.ActiveCfg = Release|Any CPU
		{F63BC905-4C3B-4558-B595-06FAAC582535}.Release|Any CPU.Build.0 = Release|Any CPU
		{F63BC905-4C3B-4558-B595-06FAAC582535}.Release|x64.ActiveCfg = Release|Any CPU
		{F63BC905-4C3B-4558-B595-06FAAC582535}.Release|x64.Build.0 = Release|Any CPU
		{F63BC905-4C3B-4558-B595-06FAAC582535}.Release|x86.ActiveCfg = Release|Any CPU
		{F63BC905-4C3B-4558-B595-06FAAC582535}.Release|x86.Build.0 = Release|Any CPU
		{C4BE4DA8-7B0D-40CF-B526-FE7FAD3D274E}.Debug|Any CPU.ActiveCfg = Debug|Any CPU
		{C4BE4DA8-7B0D-40CF-B526-FE7FAD3D274E}.Debug|Any CPU.Build.0 = Debug|Any CPU
		{C4BE4DA8-7B0D-40CF-B526-FE7FAD3D274E}.Debug|x64.ActiveCfg = Debug|Any CPU
		{C4BE4DA8-7B0D-40CF-B526-FE7FAD3D274E}.Debug|x64.Build.0 = Debug|Any CPU
		{C4BE4DA8-7B0D-40CF-B526-FE7FAD3D274E}.Debug|x86.ActiveCfg = Debug|Any CPU
		{C4BE4DA8-7B0D-40CF-B526-FE7FAD3D274E}.Debug|x86.Build.0 = Debug|Any CPU
		{C4BE4DA8-7B0D-40CF-B526-FE7FAD3D274E}.Release|Any CPU.ActiveCfg = Release|Any CPU
		{C4BE4DA8-7B0D-40CF-B526-FE7FAD3D274E}.Release|Any CPU.Build.0 = Release|Any CPU
		{C4BE4DA8-7B0D-40CF-B526-FE7FAD3D274E}.Release|x64.ActiveCfg = Release|Any CPU
		{C4BE4DA8-7B0D-40CF-B526-FE7FAD3D274E}.Release|x64.Build.0 = Release|Any CPU
		{C4BE4DA8-7B0D-40CF-B526-FE7FAD3D274E}.Release|x86.ActiveCfg = Release|Any CPU
		{C4BE4DA8-7B0D-40CF-B526-FE7FAD3D274E}.Release|x86.Build.0 = Release|Any CPU
		{41476545-E8B7-4BA1-8AB0-94D8BBF6F40F}.Debug|Any CPU.ActiveCfg = Debug|Any CPU
		{41476545-E8B7-4BA1-8AB0-94D8BBF6F40F}.Debug|Any CPU.Build.0 = Debug|Any CPU
		{41476545-E8B7-4BA1-8AB0-94D8BBF6F40F}.Debug|x64.ActiveCfg = Debug|Any CPU
		{41476545-E8B7-4BA1-8AB0-94D8BBF6F40F}.Debug|x64.Build.0 = Debug|Any CPU
		{41476545-E8B7-4BA1-8AB0-94D8BBF6F40F}.Debug|x86.ActiveCfg = Debug|Any CPU
		{41476545-E8B7-4BA1-8AB0-94D8BBF6F40F}.Debug|x86.Build.0 = Debug|Any CPU
		{41476545-E8B7-4BA1-8AB0-94D8BBF6F40F}.Release|Any CPU.ActiveCfg = Release|Any CPU
		{41476545-E8B7-4BA1-8AB0-94D8BBF6F40F}.Release|Any CPU.Build.0 = Release|Any CPU
		{41476545-E8B7-4BA1-8AB0-94D8BBF6F40F}.Release|x64.ActiveCfg = Release|Any CPU
		{41476545-E8B7-4BA1-8AB0-94D8BBF6F40F}.Release|x64.Build.0 = Release|Any CPU
		{41476545-E8B7-4BA1-8AB0-94D8BBF6F40F}.Release|x86.ActiveCfg = Release|Any CPU
		{41476545-E8B7-4BA1-8AB0-94D8BBF6F40F}.Release|x86.Build.0 = Release|Any CPU
		{C405DFA3-1773-4C6A-BD12-82E4E9347AF5}.Debug|Any CPU.ActiveCfg = Debug|Any CPU
		{C405DFA3-1773-4C6A-BD12-82E4E9347AF5}.Debug|Any CPU.Build.0 = Debug|Any CPU
		{C405DFA3-1773-4C6A-BD12-82E4E9347AF5}.Debug|x64.ActiveCfg = Debug|Any CPU
		{C405DFA3-1773-4C6A-BD12-82E4E9347AF5}.Debug|x64.Build.0 = Debug|Any CPU
		{C405DFA3-1773-4C6A-BD12-82E4E9347AF5}.Debug|x86.ActiveCfg = Debug|Any CPU
		{C405DFA3-1773-4C6A-BD12-82E4E9347AF5}.Debug|x86.Build.0 = Debug|Any CPU
		{C405DFA3-1773-4C6A-BD12-82E4E9347AF5}.Release|Any CPU.ActiveCfg = Release|Any CPU
		{C405DFA3-1773-4C6A-BD12-82E4E9347AF5}.Release|Any CPU.Build.0 = Release|Any CPU
		{C405DFA3-1773-4C6A-BD12-82E4E9347AF5}.Release|x64.ActiveCfg = Release|Any CPU
		{C405DFA3-1773-4C6A-BD12-82E4E9347AF5}.Release|x64.Build.0 = Release|Any CPU
		{C405DFA3-1773-4C6A-BD12-82E4E9347AF5}.Release|x86.ActiveCfg = Release|Any CPU
		{C405DFA3-1773-4C6A-BD12-82E4E9347AF5}.Release|x86.Build.0 = Release|Any CPU
	EndGlobalSection
	GlobalSection(SolutionProperties) = preSolution
		HideSolutionNode = FALSE
	EndGlobalSection
	GlobalSection(ExtensibilityGlobals) = postSolution
		SolutionGuid = {7EEC0728-33B0-4E77-A69F-84D3DDA4B990}
	EndGlobalSection
EndGlobal
